
Microsoft Visual Studio Solution File, Format Version 12.00
# Visual Studio Version 16
VisualStudioVersion = 16.0.30309.148
MinimumVisualStudioVersion = 10.0.40219.1
Project("{9A19103F-16F7-4668-BE54-9A1E7A4F7556}") = "MSConnectionCS", "MSConnectionCS\MSConnectionCS.csproj", "{CDB15692-5D31-42BC-95B2-577109097FE7}"
EndProject
Project("{FAE04EC0-301F-11D3-BF4B-00C04F79EFBC}") = "MSCon", "..\MSCon\MSCon.csproj", "{25EC5DF1-AA86-4077-B5FB-893CBF0B7BFC}"
EndProject
Global
	GlobalSection(SolutionConfigurationPlatforms) = preSolution
		Debug|Any CPU = Debug|Any CPU
		Release|Any CPU = Release|Any CPU
	EndGlobalSection
	GlobalSection(ProjectConfigurationPlatforms) = postSolution
		{CDB15692-5D31-42BC-95B2-577109097FE7}.Debug|Any CPU.ActiveCfg = Debug|Any CPU
		{CDB15692-5D31-42BC-95B2-577109097FE7}.Debug|Any CPU.Build.0 = Debug|Any CPU
		{CDB15692-5D31-42BC-95B2-577109097FE7}.Release|Any CPU.ActiveCfg = Release|Any CPU
		{CDB15692-5D31-42BC-95B2-577109097FE7}.Release|Any CPU.Build.0 = Release|Any CPU
		{25EC5DF1-AA86-4077-B5FB-893CBF0B7BFC}.Debug|Any CPU.ActiveCfg = Debug|Any CPU
		{25EC5DF1-AA86-4077-B5FB-893CBF0B7BFC}.Debug|Any CPU.Build.0 = Debug|Any CPU
		{25EC5DF1-AA86-4077-B5FB-893CBF0B7BFC}.Release|Any CPU.ActiveCfg = Release|Any CPU
		{25EC5DF1-AA86-4077-B5FB-893CBF0B7BFC}.Release|Any CPU.Build.0 = Release|Any CPU
	EndGlobalSection
	GlobalSection(SolutionProperties) = preSolution
		HideSolutionNode = FALSE
	EndGlobalSection
	GlobalSection(ExtensibilityGlobals) = postSolution
		SolutionGuid = {B4A89E1F-398C-4167-B3FB-14631BFCDE8C}
	EndGlobalSection
EndGlobal
